version = 1
revision = 1
requires-python = ">=3.12"

[[package]]
name = "portaler"
version = "0.0.1"
source = { virtual = "." }
dependencies = [
    { name = "pygame-ce" },
]

[package.optional-dependencies]
dev = [
    { name = "ruff" },
]

[package.metadata]
requires-dist = [
    { name = "pygame-ce" },
    { name = "ruff", marker = "extra == 'dev'" },
]
provides-extras = ["dev"]

[[package]]
name = "pygame-ce"
version = "2.5.3"
source = { registry = "https://pypi.org/simple" }
sdist = { url = "https://files.pythonhosted.org/packages/aa/4b/c08d748c8b082cee786e09b65a126d391c39b28dc75e3cea036b4b47b9dd/pygame_ce-2.5.3.tar.gz", hash = "sha256:dc04f0bf1a270a84eb371556298a9902b9c4ab08137c9dd10ef03fa4e7fcbfed", size = 6987675 }
wheels = [
    { url = "https://files.pythonhosted.org/packages/00/f6/3f01b97f77c8b8229d59a9a757c30cbd242c2c86690d3c7e23a017aae87d/pygame_ce-2.5.3-cp312-cp312-macosx_10_13_x86_64.whl", hash = "sha256:8f8ed4717295ee3d24c654ecfb008029417d1f51dcd3186f47656ff9488d43c1", size = 13718804 },
    { url = "https://files.pythonhosted.org/packages/b1/7e/64e7e548f7af7a6fcf1d37b0ff613636bfd8a18c2f03ccc0a0356b59dc59/pygame_ce-2.5.3-cp312-cp312-macosx_11_0_arm64.whl", hash = "sha256:32750dd7a9d952bfe09edc98c58415829794c47a7fdbc42acd37edc81599a294", size = 12971789 },
    { url = "https://files.pythonhosted.org/packages/19/2e/8d4c2d74b998075664409838530b005e326d88114e23d4be96615b005714/pygame_ce-2.5.3-cp312-cp312-manylinux_2_17_aarch64.manylinux2014_aarch64.whl", hash = "sha256:683794536260c7334d3b11584ba7671413a2cc54c4e4172d54106d8fe5dfbfa4", size = 13592676 },
    { url = "https://files.pythonhosted.org/packages/26/5f/e1710daf7b2c9ad0b3e5698f1796ca79a30aecd43ed67afa3d22d51cf62d/pygame_ce-2.5.3-cp312-cp312-manylinux_2_17_i686.manylinux2014_i686.whl", hash = "sha256:777e6cb3285bdc866ecc07be41e0a988ed1ff2cd6fd9fe651c2d514e1828238f", size = 14130707 },
    { url = "https://files.pythonhosted.org/packages/7b/1e/cb165afd867aac48557c3048bac69976996193976482f6c60327d9a46197/pygame_ce-2.5.3-cp312-cp312-manylinux_2_17_x86_64.manylinux2014_x86_64.whl", hash = "sha256:69ee891ac41587b96bff0373ef095c1a5589b256edcb5b3cfc62ef2646d394db", size = 13769425 },
    { url = "https://files.pythonhosted.org/packages/9a/2e/0383b45c24ff8462a41c888d43f89843a1f8ff7dee07dd0bee1c96f4f4c6/pygame_ce-2.5.3-cp312-cp312-win32.whl", hash = "sha256:6a671e06f81b5c5e16aabe8fda6ddcbf3d500505ade8b55595d2a8a51d65449a", size = 11066625 },
    { url = "https://files.pythonhosted.org/packages/f3/65/e91c5649f8e9d2a7ebe9c4865480103a522561453a5b8a6d2ae044a01d23/pygame_ce-2.5.3-cp312-cp312-win_amd64.whl", hash = "sha256:914ee1b38ad9c107ac4900aa491e4b0d22a1218645113afdb6028bed799eb27f", size = 11622299 },
    { url = "https://files.pythonhosted.org/packages/2c/10/85e3a06b5b3dee5770e3ccb1d78ef629a4d220df14c5ca95774b30562241/pygame_ce-2.5.3-cp313-cp313-macosx_10_13_x86_64.whl", hash = "sha256:6a60622da82b16ebb5da95bd6f3a6fc41d312ec0505c9333ec0eeaed74c78123", size = 13712664 },
    { url = "https://files.pythonhosted.org/packages/7f/dd/d3e6b15887eaf327594b63cd91fda96b3011d21a79368df4d82bbf23d4ac/pygame_ce-2.5.3-cp313-cp313-macosx_11_0_arm64.whl", hash = "sha256:4326d7914a2ff8eea987bb4d16a1caa9a65921308eeb26c6d1f66cd6a1a5a930", size = 12965944 },
    { url = "https://files.pythonhosted.org/packages/b9/e6/c7f80dd888a05f2290cc7ef0e492cca48cded0bf34073e57405e9757d35e/pygame_ce-2.5.3-cp313-cp313-manylinux_2_17_aarch64.manylinux2014_aarch64.whl", hash = "sha256:e2d25dd15fffc0e0e528d41941943b3775874aa66e171a5e8f86845fbc93518f", size = 13588585 },
    { url = "https://files.pythonhosted.org/packages/c2/65/ad9db36d76ed4706f547c957f127beb30f60fe76ccc8da8cbc4f364b015d/pygame_ce-2.5.3-cp313-cp313-manylinux_2_17_i686.manylinux2014_i686.whl", hash = "sha256:4f0c0e34008165b93a543d5ce526f8d6459662779c2f9ddc77ef3446329b2cc6", size = 14129006 },
    { url = "https://files.pythonhosted.org/packages/e5/96/e33fad39c931805927b723519607e4b0d8ecec4690541d265a9141e19734/pygame_ce-2.5.3-cp313-cp313-manylinux_2_17_x86_64.manylinux2014_x86_64.whl", hash = "sha256:c3ccb1f170cc3fd52d4c4c8575e29689b90b04db089b3c3cbb331955fdde244f", size = 13765876 },
    { url = "https://files.pythonhosted.org/packages/6a/d3/6c968e7044f47ddcc277fc6790c64b0cf2f1f10c3ae5b07fe8c6b458a870/pygame_ce-2.5.3-cp313-cp313-win32.whl", hash = "sha256:6ed3cc5b1c1c2580579569f76b2109843429cc66ca68e8bc7d9e0eb4224cae00", size = 11064408 },
    { url = "https://files.pythonhosted.org/packages/32/ce/d6dae18f3c3ee07a80054145973ed1da4c7b413eab03c6008b81b42ecb5b/pygame_ce-2.5.3-cp313-cp313-win_amd64.whl", hash = "sha256:308f432559ae60ad04316777792d49df1f84f22bbb67a374a38ee15e8d97bdba", size = 11620106 },
]

[[package]]
name = "ruff"
version = "0.11.2"
source = { registry = "https://pypi.org/simple" }
sdist = { url = "https://files.pythonhosted.org/packages/90/61/fb87430f040e4e577e784e325351186976516faef17d6fcd921fe28edfd7/ruff-0.11.2.tar.gz", hash = "sha256:ec47591497d5a1050175bdf4e1a4e6272cddff7da88a2ad595e1e326041d8d94", size = 3857511 }
wheels = [
    { url = "https://files.pythonhosted.org/packages/62/99/102578506f0f5fa29fd7e0df0a273864f79af044757aef73d1cae0afe6ad/ruff-0.11.2-py3-none-linux_armv6l.whl", hash = "sha256:c69e20ea49e973f3afec2c06376eb56045709f0212615c1adb0eda35e8a4e477", size = 10113146 },
    { url = "https://files.pythonhosted.org/packages/74/ad/5cd4ba58ab602a579997a8494b96f10f316e874d7c435bcc1a92e6da1b12/ruff-0.11.2-py3-none-macosx_10_12_x86_64.whl", hash = "sha256:2c5424cc1c4eb1d8ecabe6d4f1b70470b4f24a0c0171356290b1953ad8f0e272", size = 10867092 },
    { url = "https://files.pythonhosted.org/packages/fc/3e/d3f13619e1d152c7b600a38c1a035e833e794c6625c9a6cea6f63dbf3af4/ruff-0.11.2-py3-none-macosx_11_0_arm64.whl", hash = "sha256:ecf20854cc73f42171eedb66f006a43d0a21bfb98a2523a809931cda569552d9", size = 10224082 },
    { url = "https://files.pythonhosted.org/packages/90/06/f77b3d790d24a93f38e3806216f263974909888fd1e826717c3ec956bbcd/ruff-0.11.2-py3-none-manylinux_2_17_aarch64.manylinux2014_aarch64.whl", hash = "sha256:0c543bf65d5d27240321604cee0633a70c6c25c9a2f2492efa9f6d4b8e4199bb", size = 10394818 },
    { url = "https://files.pythonhosted.org/packages/99/7f/78aa431d3ddebfc2418cd95b786642557ba8b3cb578c075239da9ce97ff9/ruff-0.11.2-py3-none-manylinux_2_17_armv7l.manylinux2014_armv7l.whl", hash = "sha256:20967168cc21195db5830b9224be0e964cc9c8ecf3b5a9e3ce19876e8d3a96e3", size = 9952251 },
    { url = "https://files.pythonhosted.org/packages/30/3e/f11186d1ddfaca438c3bbff73c6a2fdb5b60e6450cc466129c694b0ab7a2/ruff-0.11.2-py3-none-manylinux_2_17_i686.manylinux2014_i686.whl", hash = "sha256:955a9ce63483999d9f0b8f0b4a3ad669e53484232853054cc8b9d51ab4c5de74", size = 11563566 },
    { url = "https://files.pythonhosted.org/packages/22/6c/6ca91befbc0a6539ee133d9a9ce60b1a354db12c3c5d11cfdbf77140f851/ruff-0.11.2-py3-none-manylinux_2_17_ppc64.manylinux2014_ppc64.whl", hash = "sha256:86b3a27c38b8fce73bcd262b0de32e9a6801b76d52cdb3ae4c914515f0cef608", size = 12208721 },
    { url = "https://files.pythonhosted.org/packages/19/b0/24516a3b850d55b17c03fc399b681c6a549d06ce665915721dc5d6458a5c/ruff-0.11.2-py3-none-manylinux_2_17_ppc64le.manylinux2014_ppc64le.whl", hash = "sha256:a3b66a03b248c9fcd9d64d445bafdf1589326bee6fc5c8e92d7562e58883e30f", size = 11662274 },
    { url = "https://files.pythonhosted.org/packages/d7/65/76be06d28ecb7c6070280cef2bcb20c98fbf99ff60b1c57d2fb9b8771348/ruff-0.11.2-py3-none-manylinux_2_17_s390x.manylinux2014_s390x.whl", hash = "sha256:0397c2672db015be5aa3d4dac54c69aa012429097ff219392c018e21f5085147", size = 13792284 },
    { url = "https://files.pythonhosted.org/packages/ce/d2/4ceed7147e05852876f3b5f3fdc23f878ce2b7e0b90dd6e698bda3d20787/ruff-0.11.2-py3-none-manylinux_2_17_x86_64.manylinux2014_x86_64.whl", hash = "sha256:869bcf3f9abf6457fbe39b5a37333aa4eecc52a3b99c98827ccc371a8e5b6f1b", size = 11327861 },
    { url = "https://files.pythonhosted.org/packages/c4/78/4935ecba13706fd60ebe0e3dc50371f2bdc3d9bc80e68adc32ff93914534/ruff-0.11.2-py3-none-musllinux_1_2_aarch64.whl", hash = "sha256:2a2b50ca35457ba785cd8c93ebbe529467594087b527a08d487cf0ee7b3087e9", size = 10276560 },
    { url = "https://files.pythonhosted.org/packages/81/7f/1b2435c3f5245d410bb5dc80f13ec796454c21fbda12b77d7588d5cf4e29/ruff-0.11.2-py3-none-musllinux_1_2_armv7l.whl", hash = "sha256:7c69c74bf53ddcfbc22e6eb2f31211df7f65054bfc1f72288fc71e5f82db3eab", size = 9945091 },
    { url = "https://files.pythonhosted.org/packages/39/c4/692284c07e6bf2b31d82bb8c32f8840f9d0627d92983edaac991a2b66c0a/ruff-0.11.2-py3-none-musllinux_1_2_i686.whl", hash = "sha256:6e8fb75e14560f7cf53b15bbc55baf5ecbe373dd5f3aab96ff7aa7777edd7630", size = 10977133 },
    { url = "https://files.pythonhosted.org/packages/94/cf/8ab81cb7dd7a3b0a3960c2769825038f3adcd75faf46dd6376086df8b128/ruff-0.11.2-py3-none-musllinux_1_2_x86_64.whl", hash = "sha256:842a472d7b4d6f5924e9297aa38149e5dcb1e628773b70e6387ae2c97a63c58f", size = 11378514 },
    { url = "https://files.pythonhosted.org/packages/d9/3a/a647fa4f316482dacf2fd68e8a386327a33d6eabd8eb2f9a0c3d291ec549/ruff-0.11.2-py3-none-win32.whl", hash = "sha256:aca01ccd0eb5eb7156b324cfaa088586f06a86d9e5314b0eb330cb48415097cc", size = 10319835 },
    { url = "https://files.pythonhosted.org/packages/86/54/3c12d3af58012a5e2cd7ebdbe9983f4834af3f8cbea0e8a8c74fa1e23b2b/ruff-0.11.2-py3-none-win_amd64.whl", hash = "sha256:3170150172a8f994136c0c66f494edf199a0bbea7a409f649e4bc8f4d7084080", size = 11373713 },
    { url = "https://files.pythonhosted.org/packages/d6/d4/dd813703af8a1e2ac33bf3feb27e8a5ad514c9f219df80c64d69807e7f71/ruff-0.11.2-py3-none-win_arm64.whl", hash = "sha256:52933095158ff328f4c77af3d74f0379e34fd52f175144cefc1b192e7ccd32b4", size = 10441990 },
]
